
Microsoft Visual Studio Solution File, Format Version 12.00
# Visual Studio Version 17
VisualStudioVersion = 17.0.32014.148
MinimumVisualStudioVersion = 10.0.40219.1
Project("{9A19103F-16F7-4668-BE54-9A1E7A4F7556}") = "TemplateDDD.Application", "TemplateDDD.Application\TemplateDDD.Application.csproj", "{A237F27A-61E3-4C6E-B8FD-352BAB5D5B59}"
EndProject
Project("{9A19103F-16F7-4668-BE54-9A1E7A4F7556}") = "TemplateDDD.Domain", "TemplateDDD.Domain\TemplateDDD.Domain.csproj", "{BD1432BE-78EC-434D-A0A6-CFD0E0A41F35}"
EndProject
Project("{9A19103F-16F7-4668-BE54-9A1E7A4F7556}") = "TemplateDDD.Infrastructure", "TemplateDDD.Infrastructure\TemplateDDD.Infrastructure.csproj", "{E00D9CE2-0E69-404D-9032-9AD3210CB6CD}"
EndProject
Project("{9A19103F-16F7-4668-BE54-9A1E7A4F7556}") = "TemplateDDD.IoC", "TemplateDDD.IoC\TemplateDDD.IoC.csproj", "{C82F4F55-EFF6-4040-8C34-58C37D79B7CF}"
EndProject
Project("{9A19103F-16F7-4668-BE54-9A1E7A4F7556}") = "TemplateDDD.WebUI", "TemplateDDD.WebUI\TemplateDDD.WebUI.csproj", "{43A7F1C0-4EBA-4F53-AD12-A18CCC03804F}"
EndProject
Global
	GlobalSection(SolutionConfigurationPlatforms) = preSolution
		Debug|Any CPU = Debug|Any CPU
		Release|Any CPU = Release|Any CPU
	EndGlobalSection
	GlobalSection(ProjectConfigurationPlatforms) = postSolution
		{A237F27A-61E3-4C6E-B8FD-352BAB5D5B59}.Debug|Any CPU.ActiveCfg = Debug|Any CPU
		{A237F27A-61E3-4C6E-B8FD-352BAB5D5B59}.Debug|Any CPU.Build.0 = Debug|Any CPU
		{A237F27A-61E3-4C6E-B8FD-352BAB5D5B59}.Release|Any CPU.ActiveCfg = Release|Any CPU
		{A237F27A-61E3-4C6E-B8FD-352BAB5D5B59}.Release|Any CPU.Build.0 = Release|Any CPU
		{BD1432BE-78EC-434D-A0A6-CFD0E0A41F35}.Debug|Any CPU.ActiveCfg = Debug|Any CPU
		{BD1432BE-78EC-434D-A0A6-CFD0E0A41F35}.Debug|Any CPU.Build.0 = Debug|Any CPU
		{BD1432BE-78EC-434D-A0A6-CFD0E0A41F35}.Release|Any CPU.ActiveCfg = Release|Any CPU
		{BD1432BE-78EC-434D-A0A6-CFD0E0A41F35}.Release|Any CPU.Build.0 = Release|Any CPU
		{E00D9CE2-0E69-404D-9032-9AD3210CB6CD}.Debug|Any CPU.ActiveCfg = Debug|Any CPU
		{E00D9CE2-0E69-404D-9032-9AD3210CB6CD}.Debug|Any CPU.Build.0 = Debug|Any CPU
		{E00D9CE2-0E69-404D-9032-9AD3210CB6CD}.Release|Any CPU.ActiveCfg = Release|Any CPU
		{E00D9CE2-0E69-404D-9032-9AD3210CB6CD}.Release|Any CPU.Build.0 = Release|Any CPU
		{C82F4F55-EFF6-4040-8C34-58C37D79B7CF}.Debug|Any CPU.ActiveCfg = Debug|Any CPU
		{C82F4F55-EFF6-4040-8C34-58C37D79B7CF}.Debug|Any CPU.Build.0 = Debug|Any CPU
		{C82F4F55-EFF6-4040-8C34-58C37D79B7CF}.Release|Any CPU.ActiveCfg = Release|Any CPU
		{C82F4F55-EFF6-4040-8C34-58C37D79B7CF}.Release|Any CPU.Build.0 = Release|Any CPU
		{43A7F1C0-4EBA-4F53-AD12-A18CCC03804F}.Debug|Any CPU.ActiveCfg = Debug|Any CPU
		{43A7F1C0-4EBA-4F53-AD12-A18CCC03804F}.Debug|Any CPU.Build.0 = Debug|Any CPU
		{43A7F1C0-4EBA-4F53-AD12-A18CCC03804F}.Release|Any CPU.ActiveCfg = Release|Any CPU
		{43A7F1C0-4EBA-4F53-AD12-A18CCC03804F}.Release|Any CPU.Build.0 = Release|Any CPU
	EndGlobalSection
	GlobalSection(SolutionProperties) = preSolution
		HideSolutionNode = FALSE
	EndGlobalSection
	GlobalSection(ExtensibilityGlobals) = postSolution
		SolutionGuid = {F9228581-AC18-4A1C-A824-028DCA3081E6}
	EndGlobalSection
EndGlobal
